<?xml version="1.0" encoding="utf-8"?>
<Project ToolsVersion="4.0" xmlns="http://schemas.microsoft.com/developer/msbuild/2003">
  <ItemGroup>
    <ClCompile Include="src\aflImage.cpp" />
    <ClCompile Include="src\aflInput.cpp" />
    <ClCompile Include="src\aflSock.cpp" />
    <ClCompile Include="src\aflStd.cpp" />
    <ClCompile Include="src\aflWindow.cpp" />
    <ClCompile Include="src\aflWindowCtrl.cpp" />
    <ClCompile Include="src\aflWinTool.cpp" />
    <ClCompile Include="src\aflXml.cpp" />
  </ItemGroup>
  <ItemGroup>
    <ClInclude Include="include\aflImage.h" />
    <ClInclude Include="include\aflInput.h" />
    <ClInclude Include="include\aflSock.h" />
    <ClInclude Include="include\aflStd.h" />
    <ClInclude Include="include\aflWindow.h" />
    <ClInclude Include="include\aflWindowCtrl.h" />
    <ClInclude Include="include\aflWinTool.h" />
    <ClInclude Include="include\aflXml.h" />
  </ItemGroup>
</Project>