<?xml version="1.0" encoding="utf-8"?>
<Project ToolsVersion="4.0" xmlns="http://schemas.microsoft.com/developer/msbuild/2003">
  <ItemGroup>
    <ClCompile Include="src\afl3DBase.cpp" />
    <ClCompile Include="src\afl3DObject.cpp" />
    <ClCompile Include="src\afl3DWorld.cpp" />
    <ClCompile Include="src\aflOpenGL.cpp" />
    <ClCompile Include="src\afl3DField.cpp" />
    <ClCompile Include="src\aflOpenGLUnit.cpp" />
    <ClCompile Include="opengl\glew.c" />
  </ItemGroup>
  <ItemGroup>
    <ClInclude Include="include\afl3DBase.h" />
    <ClInclude Include="include\afl3DWorld.h" />
    <ClInclude Include="include\aflMath.h" />
    <ClInclude Include="include\aflOpenGL.h" />
    <ClInclude Include="include\afl3DField.h" />
    <ClInclude Include="include\aflOpenGLUnit.h" />
  </ItemGroup>
  <ItemGroup>
    <Filter Include="glsl">
      <UniqueIdentifier>{b523d46d-1962-450d-a3dc-d9ef0d2659cd}</UniqueIdentifier>
    </Filter>
  </ItemGroup>
  <ItemGroup>
    <None Include="glsl\default.glsli">
      <Filter>glsl</Filter>
    </None>
    <None Include="glsl\PS_BASE_BUMP.glsl">
      <Filter>glsl</Filter>
    </None>
    <None Include="glsl\PS_FIELD.glsl">
      <Filter>glsl</Filter>
    </None>
    <None Include="glsl\PS_FIELD_W.glsl">
      <Filter>glsl</Filter>
    </None>
    <None Include="glsl\PS_FLAT.glsl">
      <Filter>glsl</Filter>
    </None>
    <None Include="glsl\PS_TCOLOR.glsl">
      <Filter>glsl</Filter>
    </None>
    <None Include="glsl\PS_TEXTURE.glsl">
      <Filter>glsl</Filter>
    </None>
    <None Include="glsl\PS_TEXTURE2.glsl">
      <Filter>glsl</Filter>
    </None>
    <None Include="glsl\PS_VCOLOR.glsl">
      <Filter>glsl</Filter>
    </None>
    <None Include="glsl\VS_BASE.glsl">
      <Filter>glsl</Filter>
    </None>
    <None Include="glsl\VS_BASE_BUMP.glsl">
      <Filter>glsl</Filter>
    </None>
    <None Include="glsl\VS_BASE_NL.glsl">
      <Filter>glsl</Filter>
    </None>
    <None Include="glsl\VS_BASE_SHADOW.glsl">
      <Filter>glsl</Filter>
    </None>
    <None Include="glsl\VS_BILLBOARD.glsl">
      <Filter>glsl</Filter>
    </None>
    <None Include="glsl\VS_EFFECT.glsl">
      <Filter>glsl</Filter>
    </None>
    <None Include="glsl\VS_FIELD.glsl">
      <Filter>glsl</Filter>
    </None>
    <None Include="glsl\VS_FIELD_W.glsl">
      <Filter>glsl</Filter>
    </None>
    <None Include="glsl\VS_FLAT.glsl">
      <Filter>glsl</Filter>
    </None>
    <None Include="glsl\VS_SDRAW.glsl">
      <Filter>glsl</Filter>
    </None>
    <None Include="glsl\VS_SKIN4.glsl">
      <Filter>glsl</Filter>
    </None>
    <None Include="glsl\VS_SKIN4_SHADOW.glsl">
      <Filter>glsl</Filter>
    </None>
    <None Include="glsl\VS_TEXTURE2.glsl">
      <Filter>glsl</Filter>
    </None>
    <None Include="glsl\VS_TEXTURE3D.glsl">
      <Filter>glsl</Filter>
    </None>
    <None Include="glsl\VS_VECTOR.glsl">
      <Filter>glsl</Filter>
    </None>
    <None Include="glsl\VS_VECTOR2.glsl">
      <Filter>glsl</Filter>
    </None>
  </ItemGroup>
</Project>